{
  "name": "@jgarden/TizenPrime",
  "version": "1.1.0",
  "lockfileVersion": 3,
  "requires": true,
  "packages": {
    "": {
      "name": "@jgarden/TizenPrime",
      "version": "1.1.0",
      "dependencies": {
        "@jgarden/TizenPrime": "github:gardenswartzj/tizenprime"
      }
    },
    "node_modules/@jgarden/TizenPrime": {
      "version": "1.1.0",
      "resolved": "git+ssh://git@github.com/gardenswartzj/tizenprime.git#e171bcac5edcfb6b496cd703471570225951973c"
    }
  }
}
